{
  "name": "@nhz.io/jwt-hs256-proxy-auth-token",
  "version": "1.0.0",
  "lockfileVersion": 1,
  "requires": true,
  "dependencies": {
    "balanced-match": {
      "version": "1.0.0",
      "resolved": "https://registry.npmjs.org/balanced-match/-/balanced-match-1.0.0.tgz",
      "integrity": "sha1-ibTRmasr7kneFk6gK4nORi1xt2c=",
      "dev": true
    },
    "base64url": {
      "version": "2.0.0",
      "resolved": "https://registry.npmjs.org/base64url/-/base64url-2.0.0.tgz",
      "integrity": "sha1-6sFuA+oUOO/5Qj1puqNiYu0fcLs="
    },
    "brace-expansion": {
      "version": "1.1.8",
      "resolved": "https://registry.npmjs.org/brace-expansion/-/brace-expansion-1.1.8.tgz",
      "integrity": "sha1-wHshHHyVLsH479Uad+8NHTmQopI=",
      "dev": true,
      "requires": {
        "balanced-match": "1.0.0",
        "concat-map": "0.0.1"
      }
    },
    "buffer-equal-constant-time": {
      "version": "1.0.1",
      "resolved": "https://registry.npmjs.org/buffer-equal-constant-time/-/buffer-equal-constant-time-1.0.1.tgz",
      "integrity": "sha1-+OcRMvf/5uAaXJaXpMbz5I1cyBk="
    },
    "cake": {
      "version": "0.1.1",
      "resolved": "https://registry.npmjs.org/cake/-/cake-0.1.1.tgz",
      "integrity": "sha1-SmXQ2vsBgYAjFipxc0DdiOB4Wzc=",
      "dev": true,
      "requires": {
        "coffee-script": "1.12.7"
      },
      "dependencies": {
        "coffee-script": {
          "version": "1.12.7",
          "resolved": "https://registry.npmjs.org/coffee-script/-/coffee-script-1.12.7.tgz",
          "integrity": "sha512-fLeEhqwymYat/MpTPUjSKHVYYl0ec2mOyALEMLmzr5i1isuG+6jfI2j2d5oBO3VIzgUXgBVIcOT9uH1TFxBckw==",
          "dev": true
        }
      }
    },
    "ci-info": {
      "version": "1.1.1",
      "resolved": "https://registry.npmjs.org/ci-info/-/ci-info-1.1.1.tgz",
      "integrity": "sha512-vHDDF/bP9RYpTWtUhpJRhCFdvvp3iDWvEbuDbWgvjUrNGV1MXJrE0MPcwGtEled04m61iwdBLUIHZtDgzWS4ZQ==",
      "dev": true
    },
    "coffeelint": {
      "version": "2.0.7",
      "resolved": "https://registry.npmjs.org/coffeelint/-/coffeelint-2.0.7.tgz",
      "integrity": "sha1-lg/VuXVrhFGU6fl6R1bmKGEha3Q=",
      "dev": true,
      "requires": {
        "coffeescript": "2.0.2",
        "glob": "7.1.2",
        "ignore": "3.3.7",
        "optimist": "0.6.1",
        "resolve": "0.6.3",
        "strip-json-comments": "1.0.4"
      }
    },
    "coffeescript": {
      "version": "2.0.2",
      "resolved": "https://registry.npmjs.org/coffeescript/-/coffeescript-2.0.2.tgz",
      "integrity": "sha512-/bCMyzu7KSJPF2gRNYWpbEmfPkNL8AzXs78ktxhPTpSXlKetZRl7kIYGqU055UqUVnkKRJK4eUkUhRHQpvdilA==",
      "dev": true
    },
    "concat-map": {
      "version": "0.0.1",
      "resolved": "https://registry.npmjs.org/concat-map/-/concat-map-0.0.1.tgz",
      "integrity": "sha1-2Klr13/Wjfd5OnMDajug1UBdR3s=",
      "dev": true
    },
    "ecdsa-sig-formatter": {
      "version": "1.0.9",
      "resolved": "https://registry.npmjs.org/ecdsa-sig-formatter/-/ecdsa-sig-formatter-1.0.9.tgz",
      "integrity": "sha1-S8kmJ07Dtau1AW5+HWCSGsJisqE=",
      "requires": {
        "base64url": "2.0.0",
        "safe-buffer": "5.1.1"
      }
    },
    "fs.realpath": {
      "version": "1.0.0",
      "resolved": "https://registry.npmjs.org/fs.realpath/-/fs.realpath-1.0.0.tgz",
      "integrity": "sha1-FQStJSMVjKpA20onh8sBQRmU6k8=",
      "dev": true
    },
    "glob": {
      "version": "7.1.2",
      "resolved": "https://registry.npmjs.org/glob/-/glob-7.1.2.tgz",
      "integrity": "sha512-MJTUg1kjuLeQCJ+ccE4Vpa6kKVXkPYJ2mOCQyUuKLcLQsdrMCpBPUi8qVE6+YuaJkozeA9NusTAw3hLr8Xe5EQ==",
      "dev": true,
      "requires": {
        "fs.realpath": "1.0.0",
        "inflight": "1.0.6",
        "inherits": "2.0.3",
        "minimatch": "3.0.4",
        "once": "1.4.0",
        "path-is-absolute": "1.0.1"
      }
    },
    "husky": {
      "version": "0.14.3",
      "resolved": "https://registry.npmjs.org/husky/-/husky-0.14.3.tgz",
      "integrity": "sha512-e21wivqHpstpoiWA/Yi8eFti8E+sQDSS53cpJsPptPs295QTOQR0ZwnHo2TXy1XOpZFD9rPOd3NpmqTK6uMLJA==",
      "dev": true,
      "requires": {
        "is-ci": "1.0.10",
        "normalize-path": "1.0.0",
        "strip-indent": "2.0.0"
      }
    },
    "ignore": {
      "version": "3.3.7",
      "resolved": "https://registry.npmjs.org/ignore/-/ignore-3.3.7.tgz",
      "integrity": "sha512-YGG3ejvBNHRqu0559EOxxNFihD0AjpvHlC/pdGKd3X3ofe+CoJkYazwNJYTNebqpPKN+VVQbh4ZFn1DivMNuHA==",
      "dev": true
    },
    "inflight": {
      "version": "1.0.6",
      "resolved": "https://registry.npmjs.org/inflight/-/inflight-1.0.6.tgz",
      "integrity": "sha1-Sb1jMdfQLQwJvJEKEHW6gWW1bfk=",
      "dev": true,
      "requires": {
        "once": "1.4.0",
        "wrappy": "1.0.2"
      }
    },
    "inherits": {
      "version": "2.0.3",
      "resolved": "https://registry.npmjs.org/inherits/-/inherits-2.0.3.tgz",
      "integrity": "sha1-Yzwsg+PaQqUC9SRmAiSA9CCCYd4=",
      "dev": true
    },
    "is-ci": {
      "version": "1.0.10",
      "resolved": "https://registry.npmjs.org/is-ci/-/is-ci-1.0.10.tgz",
      "integrity": "sha1-9zkzayYyNlBhqdSCcM1WrjNpMY4=",
      "dev": true,
      "requires": {
        "ci-info": "1.1.1"
      }
    },
    "jsonwebtoken": {
      "version": "8.1.0",
      "resolved": "https://registry.npmjs.org/jsonwebtoken/-/jsonwebtoken-8.1.0.tgz",
      "integrity": "sha1-xjl80uX9WD1lwAeoPce7eOaYK4M=",
      "requires": {
        "jws": "3.1.4",
        "lodash.includes": "4.3.0",
        "lodash.isboolean": "3.0.3",
        "lodash.isinteger": "4.0.4",
        "lodash.isnumber": "3.0.3",
        "lodash.isplainobject": "4.0.6",
        "lodash.isstring": "4.0.1",
        "lodash.once": "4.1.1",
        "ms": "2.0.0",
        "xtend": "4.0.1"
      }
    },
    "jwa": {
      "version": "1.1.5",
      "resolved": "https://registry.npmjs.org/jwa/-/jwa-1.1.5.tgz",
      "integrity": "sha1-oFUs4CIHQs1S4VN3SjKQXDDnVuU=",
      "requires": {
        "base64url": "2.0.0",
        "buffer-equal-constant-time": "1.0.1",
        "ecdsa-sig-formatter": "1.0.9",
        "safe-buffer": "5.1.1"
      }
    },
    "jws": {
      "version": "3.1.4",
      "resolved": "https://registry.npmjs.org/jws/-/jws-3.1.4.tgz",
      "integrity": "sha1-+ei5M46KhHJ31kRLFGT2GIDgUKI=",
      "requires": {
        "base64url": "2.0.0",
        "jwa": "1.1.5",
        "safe-buffer": "5.1.1"
      }
    },
    "lodash.includes": {
      "version": "4.3.0",
      "resolved": "https://registry.npmjs.org/lodash.includes/-/lodash.includes-4.3.0.tgz",
      "integrity": "sha1-YLuYqHy5I8aMoeUTJUgzFISfVT8="
    },
    "lodash.isboolean": {
      "version": "3.0.3",
      "resolved": "https://registry.npmjs.org/lodash.isboolean/-/lodash.isboolean-3.0.3.tgz",
      "integrity": "sha1-bC4XHbKiV82WgC/UOwGyDV9YcPY="
    },
    "lodash.isinteger": {
      "version": "4.0.4",
      "resolved": "https://registry.npmjs.org/lodash.isinteger/-/lodash.isinteger-4.0.4.tgz",
      "integrity": "sha1-YZwK89A/iwTDH1iChAt3sRzWg0M="
    },
    "lodash.isnumber": {
      "version": "3.0.3",
      "resolved": "https://registry.npmjs.org/lodash.isnumber/-/lodash.isnumber-3.0.3.tgz",
      "integrity": "sha1-POdoEMWSjQM1IwGsKHMX8RwLH/w="
    },
    "lodash.isplainobject": {
      "version": "4.0.6",
      "resolved": "https://registry.npmjs.org/lodash.isplainobject/-/lodash.isplainobject-4.0.6.tgz",
      "integrity": "sha1-fFJqUtibRcRcxpC4gWO+BJf1UMs="
    },
    "lodash.isstring": {
      "version": "4.0.1",
      "resolved": "https://registry.npmjs.org/lodash.isstring/-/lodash.isstring-4.0.1.tgz",
      "integrity": "sha1-1SfftUVuynzJu5XV2ur4i6VKVFE="
    },
    "lodash.once": {
      "version": "4.1.1",
      "resolved": "https://registry.npmjs.org/lodash.once/-/lodash.once-4.1.1.tgz",
      "integrity": "sha1-DdOXEhPHxW34gJd9UEyI+0cal6w="
    },
    "minimatch": {
      "version": "3.0.4",
      "resolved": "https://registry.npmjs.org/minimatch/-/minimatch-3.0.4.tgz",
      "integrity": "sha512-yJHVQEhyqPLUTgt9B83PXu6W3rx4MvvHvSUvToogpwoGDOUQ+yDrR0HRot+yOCdCO7u4hX3pWft6kWBBcqh0UA==",
      "dev": true,
      "requires": {
        "brace-expansion": "1.1.8"
      }
    },
    "minimist": {
      "version": "0.0.10",
      "resolved": "https://registry.npmjs.org/minimist/-/minimist-0.0.10.tgz",
      "integrity": "sha1-3j+YVD2/lggr5IrRoMfNqDYwHc8=",
      "dev": true
    },
    "ms": {
      "version": "2.0.0",
      "resolved": "https://registry.npmjs.org/ms/-/ms-2.0.0.tgz",
      "integrity": "sha1-VgiurfwAvmwpAd9fmGF4jeDVl8g="
    },
    "normalize-path": {
      "version": "1.0.0",
      "resolved": "https://registry.npmjs.org/normalize-path/-/normalize-path-1.0.0.tgz",
      "integrity": "sha1-MtDkcvkf80VwHBWoMRAY07CpA3k=",
      "dev": true
    },
    "once": {
      "version": "1.4.0",
      "resolved": "https://registry.npmjs.org/once/-/once-1.4.0.tgz",
      "integrity": "sha1-WDsap3WWHUsROsF9nFC6753Xa9E=",
      "dev": true,
      "requires": {
        "wrappy": "1.0.2"
      }
    },
    "optimist": {
      "version": "0.6.1",
      "resolved": "https://registry.npmjs.org/optimist/-/optimist-0.6.1.tgz",
      "integrity": "sha1-2j6nRob6IaGaERwybpDrFaAZZoY=",
      "dev": true,
      "requires": {
        "minimist": "0.0.10",
        "wordwrap": "0.0.3"
      }
    },
    "path-is-absolute": {
      "version": "1.0.1",
      "resolved": "https://registry.npmjs.org/path-is-absolute/-/path-is-absolute-1.0.1.tgz",
      "integrity": "sha1-F0uSaHNVNP+8es5r9TpanhtcX18=",
      "dev": true
    },
    "resolve": {
      "version": "0.6.3",
      "resolved": "https://registry.npmjs.org/resolve/-/resolve-0.6.3.tgz",
      "integrity": "sha1-3ZV5gufnNt699TtYpN2RdUV13UY=",
      "dev": true
    },
    "safe-buffer": {
      "version": "5.1.1",
      "resolved": "https://registry.npmjs.org/safe-buffer/-/safe-buffer-5.1.1.tgz",
      "integrity": "sha512-kKvNJn6Mm93gAczWVJg7wH+wGYWNrDHdWvpUmHyEsgCtIwwo3bqPtV4tR5tuPaUhTOo/kvhVwd8XwwOllGYkbg=="
    },
    "strip-indent": {
      "version": "2.0.0",
      "resolved": "https://registry.npmjs.org/strip-indent/-/strip-indent-2.0.0.tgz",
      "integrity": "sha1-XvjbKV0B5u1sv3qrlpmNeCJSe2g=",
      "dev": true
    },
    "strip-json-comments": {
      "version": "1.0.4",
      "resolved": "https://registry.npmjs.org/strip-json-comments/-/strip-json-comments-1.0.4.tgz",
      "integrity": "sha1-HhX7ysl9Pumb8tc7TGVrCCu6+5E=",
      "dev": true
    },
    "wordwrap": {
      "version": "0.0.3",
      "resolved": "https://registry.npmjs.org/wordwrap/-/wordwrap-0.0.3.tgz",
      "integrity": "sha1-o9XabNXAvAAI03I0u68b7WMFkQc=",
      "dev": true
    },
    "wrappy": {
      "version": "1.0.2",
      "resolved": "https://registry.npmjs.org/wrappy/-/wrappy-1.0.2.tgz",
      "integrity": "sha1-tSQ9jz7BqjXxNkYFvA0QNuMKtp8=",
      "dev": true
    },
    "xtend": {
      "version": "4.0.1",
      "resolved": "https://registry.npmjs.org/xtend/-/xtend-4.0.1.tgz",
      "integrity": "sha1-pcbVMr5lbiPbgg77lDofBJmNY68="
    }
  }
}
